
Microsoft Visual Studio Solution File, Format Version 12.00
# Visual Studio Version 17
VisualStudioVersion = 17.7.33906.173
MinimumVisualStudioVersion = 10.0.40219.1
Project("{9A19103F-16F7-4668-BE54-9A1E7A4F7556}") = "Dul", "Dul\Dul.csproj", "{A621E10E-CB28-4E72-99F3-F335A242EACA}"
EndProject
Project("{9A19103F-16F7-4668-BE54-9A1E7A4F7556}") = "Dul.Tests", "Dul.Tests\Dul.Tests.csproj", "{94DF43E7-1793-4F7F-B125-54351D74F96D}"
EndProject
Project("{9A19103F-16F7-4668-BE54-9A1E7A4F7556}") = "Dul.App", "Dul.App\Dul.App.csproj", "{24B5F7E2-72DF-4E5E-AB39-1BADCEC4589C}"
EndProject
Global
	GlobalSection(SolutionConfigurationPlatforms) = preSolution
		Debug|Any CPU = Debug|Any CPU
		Release|Any CPU = Release|Any CPU
	EndGlobalSection
	GlobalSection(ProjectConfigurationPlatforms) = postSolution
		{A621E10E-CB28-4E72-99F3-F335A242EACA}.Debug|Any CPU.ActiveCfg = Debug|Any CPU
		{A621E10E-CB28-4E72-99F3-F335A242EACA}.Debug|Any CPU.Build.0 = Debug|Any CPU
		{A621E10E-CB28-4E72-99F3-F335A242EACA}.Release|Any CPU.ActiveCfg = Release|Any CPU
		{A621E10E-CB28-4E72-99F3-F335A242EACA}.Release|Any CPU.Build.0 = Release|Any CPU
		{94DF43E7-1793-4F7F-B125-54351D74F96D}.Debug|Any CPU.ActiveCfg = Debug|Any CPU
		{94DF43E7-1793-4F7F-B125-54351D74F96D}.Debug|Any CPU.Build.0 = Debug|Any CPU
		{94DF43E7-1793-4F7F-B125-54351D74F96D}.Release|Any CPU.ActiveCfg = Release|Any CPU
		{94DF43E7-1793-4F7F-B125-54351D74F96D}.Release|Any CPU.Build.0 = Release|Any CPU
		{24B5F7E2-72DF-4E5E-AB39-1BADCEC4589C}.Debug|Any CPU.ActiveCfg = Debug|Any CPU
		{24B5F7E2-72DF-4E5E-AB39-1BADCEC4589C}.Debug|Any CPU.Build.0 = Debug|Any CPU
		{24B5F7E2-72DF-4E5E-AB39-1BADCEC4589C}.Release|Any CPU.ActiveCfg = Release|Any CPU
		{24B5F7E2-72DF-4E5E-AB39-1BADCEC4589C}.Release|Any CPU.Build.0 = Release|Any CPU
	EndGlobalSection
	GlobalSection(SolutionProperties) = preSolution
		HideSolutionNode = FALSE
	EndGlobalSection
	GlobalSection(ExtensibilityGlobals) = postSolution
		SolutionGuid = {010AE160-7EC2-452D-AF64-0BA7002DC735}
	EndGlobalSection
EndGlobal
